
Microsoft Visual Studio Solution File, Format Version 12.00
# Visual Studio Version 17
VisualStudioVersion = 17.4.33110.190
MinimumVisualStudioVersion = 10.0.40219.1
Project("{FAE04EC0-301F-11D3-BF4B-00C04F79EFBC}") = "PHFGPTEcommerce", "PHFGPTEcommerce\PHFGPTEcommerce.csproj", "{99EDB981-5D2C-469D-91B2-EE5611F44C3D}"
EndProject
Global
	GlobalSection(SolutionConfigurationPlatforms) = preSolution
		Debug|Any CPU = Debug|Any CPU
		Release|Any CPU = Release|Any CPU
	EndGlobalSection
	GlobalSection(ProjectConfigurationPlatforms) = postSolution
		{99EDB981-5D2C-469D-91B2-EE5611F44C3D}.Debug|Any CPU.ActiveCfg = Debug|Any CPU
		{99EDB981-5D2C-469D-91B2-EE5611F44C3D}.Debug|Any CPU.Build.0 = Debug|Any CPU
		{99EDB981-5D2C-469D-91B2-EE5611F44C3D}.Release|Any CPU.ActiveCfg = Release|Any CPU
		{99EDB981-5D2C-469D-91B2-EE5611F44C3D}.Release|Any CPU.Build.0 = Release|Any CPU
	EndGlobalSection
	GlobalSection(SolutionProperties) = preSolution
		HideSolutionNode = FALSE
	EndGlobalSection
	GlobalSection(ExtensibilityGlobals) = postSolution
		SolutionGuid = {FE7E985B-B292-4332-8907-047E06166CC1}
	EndGlobalSection
EndGlobal
